
Microsoft Visual Studio Solution File, Format Version 12.00
# Visual Studio 15
VisualStudioVersion = 15.0.28010.2016
MinimumVisualStudioVersion = 10.0.40219.1
Project("{FAE04EC0-301F-11D3-BF4B-00C04F79EFBC}") = "Grava Bianca_culori", "Grava Bianca_culori\Grava Bianca_culori.csproj", "{A601331E-38B1-4B2C-8CB6-E60C2E6D4A68}"
EndProject
Global
	GlobalSection(SolutionConfigurationPlatforms) = preSolution
		Debug|Any CPU = Debug|Any CPU
		Release|Any CPU = Release|Any CPU
	EndGlobalSection
	GlobalSection(ProjectConfigurationPlatforms) = postSolution
		{A601331E-38B1-4B2C-8CB6-E60C2E6D4A68}.Debug|Any CPU.ActiveCfg = Debug|Any CPU
		{A601331E-38B1-4B2C-8CB6-E60C2E6D4A68}.Debug|Any CPU.Build.0 = Debug|Any CPU
		{A601331E-38B1-4B2C-8CB6-E60C2E6D4A68}.Release|Any CPU.ActiveCfg = Release|Any CPU
		{A601331E-38B1-4B2C-8CB6-E60C2E6D4A68}.Release|Any CPU.Build.0 = Release|Any CPU
	EndGlobalSection
	GlobalSection(SolutionProperties) = preSolution
		HideSolutionNode = FALSE
	EndGlobalSection
	GlobalSection(ExtensibilityGlobals) = postSolution
		SolutionGuid = {26DDBBE2-3E43-4743-833C-C1B69F268FD1}
	EndGlobalSection
EndGlobal
